
Microsoft Visual Studio Solution File, Format Version 12.00
# Visual Studio Version 16
VisualStudioVersion = 16.0.33801.447
MinimumVisualStudioVersion = 10.0.40219.1
Project("{FAE04EC0-301F-11D3-BF4B-00C04F79EFBC}") = "RobiatsBookStore", "RobiatsBookStore\RobiatsBookStore.csproj", "{8414454F-04C8-4D05-8913-E7E33912A4C7}"
EndProject
Global
	GlobalSection(SolutionConfigurationPlatforms) = preSolution
		Debug|Any CPU = Debug|Any CPU
		Release|Any CPU = Release|Any CPU
	EndGlobalSection
	GlobalSection(ProjectConfigurationPlatforms) = postSolution
		{8414454F-04C8-4D05-8913-E7E33912A4C7}.Debug|Any CPU.ActiveCfg = Debug|Any CPU
		{8414454F-04C8-4D05-8913-E7E33912A4C7}.Debug|Any CPU.Build.0 = Debug|Any CPU
		{8414454F-04C8-4D05-8913-E7E33912A4C7}.Release|Any CPU.ActiveCfg = Release|Any CPU
		{8414454F-04C8-4D05-8913-E7E33912A4C7}.Release|Any CPU.Build.0 = Release|Any CPU
	EndGlobalSection
	GlobalSection(SolutionProperties) = preSolution
		HideSolutionNode = FALSE
	EndGlobalSection
	GlobalSection(ExtensibilityGlobals) = postSolution
		SolutionGuid = {FFADB565-E21D-4EEE-B867-3FE5859F926A}
	EndGlobalSection
EndGlobal
